// !$*UTF8*$!
{
	archiveVersion = 1;
	classes = {
	};
	objectVersion = 56;
	objects = {

/* Begin PBXBuildFile section */
		9C8DE00D2B9DB33C00B11D44 /* trackerApp.swift in Sources */ = {isa = PBXBuildFile; fileRef = 9C8DE00C2B9DB33C00B11D44 /* trackerApp.swift */; };
		9C8DE00F2B9DB33C00B11D44 /* ContentView.swift in Sources */ = {isa = PBXBuildFile; fileRef = 9C8DE00E2B9DB33C00B11D44 /* ContentView.swift */; };
		9C8DE0112B9DB33C00B11D44 /* Item.swift in Sources */ = {isa = PBXBuildFile; fileRef = 9C8DE0102B9DB33C00B11D44 /* Item.swift */; };
		9C8DE0132B9DB33D00B11D44 /* Assets.xcassets in Resources */ = {isa = PBXBuildFile; fileRef = 9C8DE0122B9DB33D00B11D44 /* Assets.xcassets */; };
		9C8DE0162B9DB33D00B11D44 /* Preview Assets.xcassets in Resources */ = {isa = PBXBuildFile; fileRef = 9C8DE0152B9DB33D00B11D44 /* Preview Assets.xcassets */; };
		9C8DE0202B9DB33D00B11D44 /* trackerTests.swift in Sources */ = {isa = PBXBuildFile; fileRef = 9C8DE01F2B9DB33D00B11D44 /* trackerTests.swift */; };
		9C8DE02A2B9DB33D00B11D44 /* trackerUITests.swift in Sources */ = {isa = PBXBuildFile; fileRef = 9C8DE0292B9DB33D00B11D44 /* trackerUITests.swift */; };
		9C8DE02C2B9DB33D00B11D44 /* trackerUITestsLaunchTests.swift in Sources */ = {isa = PBXBuildFile; fileRef = 9C8DE02B2B9DB33D00B11D44 /* trackerUITestsLaunchTests.swift */; };
/* End PBXBuildFile section */

/* Begin PBXContainerItemProxy section */
		9C8DE01C2B9DB33D00B11D44 /* PBXContainerItemProxy */ = {
			isa = PBXContainerItemProxy;
			containerPortal = 9C8DE0012B9DB33C00B11D44 /* Project object */;
			proxyType = 1;
			remoteGlobalIDString = 9C8DE0082B9DB33C00B11D44;
			remoteInfo = tracker;
		};
		9C8DE0262B9DB33D00B11D44 /* PBXContainerItemProxy */ = {
			isa = PBXContainerItemProxy;
			containerPortal = 9C8DE0012B9DB33C00B11D44 /* Project object */;
			proxyType = 1;
			remoteGlobalIDString = 9C8DE0082B9DB33C00B11D44;
			remoteInfo = tracker;
		};
/* End PBXContainerItemProxy section */

/* Begin PBXFileReference section */
		9C8DE0092B9DB33C00B11D44 /* tracker.app */ = {isa = PBXFileReference; explicitFileType = wrapper.application; includeInIndex = 0; path = tracker.app; sourceTree = BUILT_PRODUCTS_DIR; };
		9C8DE00C2B9DB33C00B11D44 /* trackerApp.swift */ = {isa = PBXFileReference; lastKnownFileType = sourcecode.swift; path = trackerApp.swift; sourceTree = "<group>"; };
		9C8DE00E2B9DB33C00B11D44 /* ContentView.swift */ = {isa = PBXFileReference; lastKnownFileType = sourcecode.swift; path = ContentView.swift; sourceTree = "<group>"; };
		9C8DE0102B9DB33C00B11D44 /* Item.swift */ = {isa = PBXFileReference; lastKnownFileType = sourcecode.swift; path = Item.swift; sourceTree = "<group>"; };
		9C8DE0122B9DB33D00B11D44 /* Assets.xcassets */ = {isa = PBXFileReference; lastKnownFileType = folder.assetcatalog; path = Assets.xcassets; sourceTree = "<group>"; };
		9C8DE0152B9DB33D00B11D44 /* Preview Assets.xcassets */ = {isa = PBXFileReference; lastKnownFileType = folder.assetcatalog; path = "Preview Assets.xcassets"; sourceTree = "<group>"; };
		9C8DE01B2B9DB33D00B11D44 /* trackerTests.xctest */ = {isa = PBXFileReference; explicitFileType = wrapper.cfbundle; includeInIndex = 0; path = trackerTests.xctest; sourceTree = BUILT_PRODUCTS_DIR; };
		9C8DE01F2B9DB33D00B11D44 /* trackerTests.swift */ = {isa = PBXFileReference; lastKnownFileType = sourcecode.swift; path = trackerTests.swift; sourceTree = "<group>"; };
		9C8DE0252B9DB33D00B11D44 /* trackerUITests.xctest */ = {isa = PBXFileReference; explicitFileType = wrapper.cfbundle; includeInIndex = 0; path = trackerUITests.xctest; sourceTree = BUILT_PRODUCTS_DIR; };
		9C8DE0292B9DB33D00B11D44 /* trackerUITests.swift */ = {isa = PBXFileReference; lastKnownFileType = sourcecode.swift; path = trackerUITests.swift; sourceTree = "<group>"; };
		9C8DE02B2B9DB33D00B11D44 /* trackerUITestsLaunchTests.swift */ = {isa = PBXFileReference; lastKnownFileType = sourcecode.swift; path = trackerUITestsLaunchTests.swift; sourceTree = "<group>"; };
/* End PBXFileReference section */

/* Begin PBXFrameworksBuildPhase section */
		9C8DE0062B9DB33C00B11D44 /* Frameworks */ = {
			isa = PBXFrameworksBuildPhase;
			buildActionMask = 2147483647;
			files = (
			);
			runOnlyForDeploymentPostprocessing = 0;
		};
		9C8DE0182B9DB33D00B11D44 /* Frameworks */ = {
			isa = PBXFrameworksBuildPhase;
			buildActionMask = 2147483647;
			files = (
			);
			runOnlyForDeploymentPostprocessing = 0;
		};
		9C8DE0222B9DB33D00B11D44 /* Frameworks */ = {
			isa = PBXFrameworksBuildPhase;
			buildActionMask = 2147483647;
			files = (
			);
			runOnlyForDeploymentPostprocessing = 0;
		};
/* End PBXFrameworksBuildPhase section */

/* Begin PBXGroup section */
		9C8DE0002B9DB33C00B11D44 = {
			isa = PBXGroup;
			children = (
				9C8DE00B2B9DB33C00B11D44 /* tracker */,
				9C8DE01E2B9DB33D00B11D44 /* trackerTests */,
				9C8DE0282B9DB33D00B11D44 /* trackerUITests */,
				9C8DE00A2B9DB33C00B11D44 /* Products */,
			);
			sourceTree = "<group>";
		};
		9C8DE00A2B9DB33C00B11D44 /* Products */ = {
			isa = PBXGroup;
			children = (
				9C8DE0092B9DB33C00B11D44 /* tracker.app */,
				9C8DE01B2B9DB33D00B11D44 /* trackerTests.xctest */,
				9C8DE0252B9DB33D00B11D44 /* trackerUITests.xctest */,
			);
			name = Products;
			sourceTree = "<group>";
		};
		9C8DE00B2B9DB33C00B11D44 /* tracker */ = {
			isa = PBXGroup;
			children = (
				9C8DE00C2B9DB33C00B11D44 /* trackerApp.swift */,
				9C8DE00E2B9DB33C00B11D44 /* ContentView.swift */,
				9C8DE0102B9DB33C00B11D44 /* Item.swift */,
				9C8DE0122B9DB33D00B11D44 /* Assets.xcassets */,
				9C8DE0142B9DB33D00B11D44 /* Preview Content */,
			);
			path = tracker;
			sourceTree = "<group>";
		};
		9C8DE0142B9DB33D00B11D44 /* Preview Content */ = {
			isa = PBXGroup;
			children = (
				9C8DE0152B9DB33D00B11D44 /* Preview Assets.xcassets */,
			);
			path = "Preview Content";
			sourceTree = "<group>";
		};
		9C8DE01E2B9DB33D00B11D44 /* trackerTests */ = {
			isa = PBXGroup;
			children = (
				9C8DE01F2B9DB33D00B11D44 /* trackerTests.swift */,
			);
			path = trackerTests;
			sourceTree = "<group>";
		};
		9C8DE0282B9DB33D00B11D44 /* trackerUITests */ = {
			isa = PBXGroup;
			children = (
				9C8DE0292B9DB33D00B11D44 /* trackerUITests.swift */,
				9C8DE02B2B9DB33D00B11D44 /* trackerUITestsLaunchTests.swift */,
			);
			path = trackerUITests;
			sourceTree = "<group>";
		};
/* End PBXGroup section */

/* Begin PBXNativeTarget section */
		9C8DE0082B9DB33C00B11D44 /* tracker */ = {
			isa = PBXNativeTarget;
			buildConfigurationList = 9C8DE02F2B9DB33D00B11D44 /* Build configuration list for PBXNativeTarget "tracker" */;
			buildPhases = (
				9C8DE0052B9DB33C00B11D44 /* Sources */,
				9C8DE0062B9DB33C00B11D44 /* Frameworks */,
				9C8DE0072B9DB33C00B11D44 /* Resources */,
			);
			buildRules = (
			);
			dependencies = (
			);
			name = tracker;
			productName = tracker;
			productReference = 9C8DE0092B9DB33C00B11D44 /* tracker.app */;
			productType = "com.apple.product-type.application";
		};
		9C8DE01A2B9DB33D00B11D44 /* trackerTests */ = {
			isa = PBXNativeTarget;
			buildConfigurationList = 9C8DE0322B9DB33D00B11D44 /* Build configuration list for PBXNativeTarget "trackerTests" */;
			buildPhases = (
				9C8DE0172B9DB33D00B11D44 /* Sources */,
				9C8DE0182B9DB33D00B11D44 /* Frameworks */,
				9C8DE0192B9DB33D00B11D44 /* Resources */,
			);
			buildRules = (
			);
			dependencies = (
				9C8DE01D2B9DB33D00B11D44 /* PBXTargetDependency */,
			);
			name = trackerTests;
			productName = trackerTests;
			productReference = 9C8DE01B2B9DB33D00B11D44 /* trackerTests.xctest */;
			productType = "com.apple.product-type.bundle.unit-test";
		};
		9C8DE0242B9DB33D00B11D44 /* trackerUITests */ = {
			isa = PBXNativeTarget;
			buildConfigurationList = 9C8DE0352B9DB33D00B11D44 /* Build configuration list for PBXNativeTarget "trackerUITests" */;
			buildPhases = (
				9C8DE0212B9DB33D00B11D44 /* Sources */,
				9C8DE0222B9DB33D00B11D44 /* Frameworks */,
				9C8DE0232B9DB33D00B11D44 /* Resources */,
			);
			buildRules = (
			);
			dependencies = (
				9C8DE0272B9DB33D00B11D44 /* PBXTargetDependency */,
			);
			name = trackerUITests;
			productName = trackerUITests;
			productReference = 9C8DE0252B9DB33D00B11D44 /* trackerUITests.xctest */;
			productType = "com.apple.product-type.bundle.ui-testing";
		};
/* End PBXNativeTarget section */

/* Begin PBXProject section */
		9C8DE0012B9DB33C00B11D44 /* Project object */ = {
			isa = PBXProject;
			attributes = {
				BuildIndependentTargetsInParallel = 1;
				LastSwiftUpdateCheck = 1530;
				LastUpgradeCheck = 1530;
				TargetAttributes = {
					9C8DE0082B9DB33C00B11D44 = {
						CreatedOnToolsVersion = 15.3;
					};
					9C8DE01A2B9DB33D00B11D44 = {
						CreatedOnToolsVersion = 15.3;
						TestTargetID = 9C8DE0082B9DB33C00B11D44;
					};
					9C8DE0242B9DB33D00B11D44 = {
						CreatedOnToolsVersion = 15.3;
						TestTargetID = 9C8DE0082B9DB33C00B11D44;
					};
				};
			};
			buildConfigurationList = 9C8DE0042B9DB33C00B11D44 /* Build configuration list for PBXProject "tracker" */;
			compatibilityVersion = "Xcode 14.0";
			developmentRegion = en;
			hasScannedForEncodings = 0;
			knownRegions = (
				en,
				Base,
			);
			mainGroup = 9C8DE0002B9DB33C00B11D44;
			productRefGroup = 9C8DE00A2B9DB33C00B11D44 /* Products */;
			projectDirPath = "";
			projectRoot = "";
			targets = (
				9C8DE0082B9DB33C00B11D44 /* tracker */,
				9C8DE01A2B9DB33D00B11D44 /* trackerTests */,
				9C8DE0242B9DB33D00B11D44 /* trackerUITests */,
			);
		};
/* End PBXProject section */

/* Begin PBXResourcesBuildPhase section */
		9C8DE0072B9DB33C00B11D44 /* Resources */ = {
			isa = PBXResourcesBuildPhase;
			buildActionMask = 2147483647;
			files = (
				9C8DE0162B9DB33D00B11D44 /* Preview Assets.xcassets in Resources */,
				9C8DE0132B9DB33D00B11D44 /* Assets.xcassets in Resources */,
			);
			runOnlyForDeploymentPostprocessing = 0;
		};
		9C8DE0192B9DB33D00B11D44 /* Resources */ = {
			isa = PBXResourcesBuildPhase;
			buildActionMask = 2147483647;
			files = (
			);
			runOnlyForDeploymentPostprocessing = 0;
		};
		9C8DE0232B9DB33D00B11D44 /* Resources */ = {
			isa = PBXResourcesBuildPhase;
			buildActionMask = 2147483647;
			files = (
			);
			runOnlyForDeploymentPostprocessing = 0;
		};
/* End PBXResourcesBuildPhase section */

/* Begin PBXSourcesBuildPhase section */
		9C8DE0052B9DB33C00B11D44 /* Sources */ = {
			isa = PBXSourcesBuildPhase;
			buildActionMask = 2147483647;
			files = (
				9C8DE00F2B9DB33C00B11D44 /* ContentView.swift in Sources */,
				9C8DE0112B9DB33C00B11D44 /* Item.swift in Sources */,
				9C8DE00D2B9DB33C00B11D44 /* trackerApp.swift in Sources */,
			);
			runOnlyForDeploymentPostprocessing = 0;
		};
		9C8DE0172B9DB33D00B11D44 /* Sources */ = {
			isa = PBXSourcesBuildPhase;
			buildActionMask = 2147483647;
			files = (
				9C8DE0202B9DB33D00B11D44 /* trackerTests.swift in Sources */,
			);
			runOnlyForDeploymentPostprocessing = 0;
		};
		9C8DE0212B9DB33D00B11D44 /* Sources */ = {
			isa = PBXSourcesBuildPhase;
			buildActionMask = 2147483647;
			files = (
				9C8DE02A2B9DB33D00B11D44 /* trackerUITests.swift in Sources */,
				9C8DE02C2B9DB33D00B11D44 /* trackerUITestsLaunchTests.swift in Sources */,
			);
			runOnlyForDeploymentPostprocessing = 0;
		};
/* End PBXSourcesBuildPhase section */

/* Begin PBXTargetDependency section */
		9C8DE01D2B9DB33D00B11D44 /* PBXTargetDependency */ = {
			isa = PBXTargetDependency;
			target = 9C8DE0082B9DB33C00B11D44 /* tracker */;
			targetProxy = 9C8DE01C2B9DB33D00B11D44 /* PBXContainerItemProxy */;
		};
		9C8DE0272B9DB33D00B11D44 /* PBXTargetDependency */ = {
			isa = PBXTargetDependency;
			target = 9C8DE0082B9DB33C00B11D44 /* tracker */;
			targetProxy = 9C8DE0262B9DB33D00B11D44 /* PBXContainerItemProxy */;
		};
/* End PBXTargetDependency section */

/* Begin XCBuildConfiguration section */
		9C8DE02D2B9DB33D00B11D44 /* Debug */ = {
			isa = XCBuildConfiguration;
			buildSettings = {
				ALWAYS_SEARCH_USER_PATHS = NO;
				ASSETCATALOG_COMPILER_GENERATE_SWIFT_ASSET_SYMBOL_EXTENSIONS = YES;
				CLANG_ANALYZER_NONNULL = YES;
				CLANG_ANALYZER_NUMBER_OBJECT_CONVERSION = YES_AGGRESSIVE;
				CLANG_CXX_LANGUAGE_STANDARD = "gnu++20";
				CLANG_ENABLE_MODULES = YES;
				CLANG_ENABLE_OBJC_ARC = YES;
				CLANG_ENABLE_OBJC_WEAK = YES;
				CLANG_WARN_BLOCK_CAPTURE_AUTORELEASING = YES;
				CLANG_WARN_BOOL_CONVERSION = YES;
				CLANG_WARN_COMMA = YES;
				CLANG_WARN_CONSTANT_CONVERSION = YES;
				CLANG_WARN_DEPRECATED_OBJC_IMPLEMENTATIONS = YES;
				CLANG_WARN_DIRECT_OBJC_ISA_USAGE = YES_ERROR;
				CLANG_WARN_DOCUMENTATION_COMMENTS = YES;
				CLANG_WARN_EMPTY_BODY = YES;
				CLANG_WARN_ENUM_CONVERSION = YES;
				CLANG_WARN_INFINITE_RECURSION = YES;
				CLANG_WARN_INT_CONVERSION = YES;
				CLANG_WARN_NON_LITERAL_NULL_CONVERSION = YES;
				CLANG_WARN_OBJC_IMPLICIT_RETAIN_SELF = YES;
				CLANG_WARN_OBJC_LITERAL_CONVERSION = YES;
				CLANG_WARN_OBJC_ROOT_CLASS = YES_ERROR;
				CLANG_WARN_QUOTED_INCLUDE_IN_FRAMEWORK_HEADER = YES;
				CLANG_WARN_RANGE_LOOP_ANALYSIS = YES;
				CLANG_WARN_STRICT_PROTOTYPES = YES;
				CLANG_WARN_SUSPICIOUS_MOVE = YES;
				CLANG_WARN_UNGUARDED_AVAILABILITY = YES_AGGRESSIVE;
				CLANG_WARN_UNREACHABLE_CODE = YES;
				CLANG_WARN__DUPLICATE_METHOD_MATCH = YES;
				COPY_PHASE_STRIP = NO;
				DEBUG_INFORMATION_FORMAT = dwarf;
				ENABLE_STRICT_OBJC_MSGSEND = YES;
				ENABLE_TESTABILITY = YES;
				ENABLE_USER_SCRIPT_SANDBOXING = YES;
				GCC_C_LANGUAGE_STANDARD = gnu17;
				GCC_DYNAMIC_NO_PIC = NO;
				GCC_NO_COMMON_BLOCKS = YES;
				GCC_OPTIMIZATION_LEVEL = 0;
				GCC_PREPROCESSOR_DEFINITIONS = (
					"DEBUG=1",
					"$(inherited)",
				);
				GCC_WARN_64_TO_32_BIT_CONVERSION = YES;
				GCC_WARN_ABOUT_RETURN_TYPE = YES_ERROR;
				GCC_WARN_UNDECLARED_SELECTOR = YES;
				GCC_WARN_UNINITIALIZED_AUTOS = YES_AGGRESSIVE;
				GCC_WARN_UNUSED_FUNCTION = YES;
				GCC_WARN_UNUSED_VARIABLE = YES;
				IPHONEOS_DEPLOYMENT_TARGET = 17.4;
				LOCALIZATION_PREFERS_STRING_CATALOGS = YES;
				MTL_ENABLE_DEBUG_INFO = INCLUDE_SOURCE;
				MTL_FAST_MATH = YES;
				ONLY_ACTIVE_ARCH = YES;
				SDKROOT = iphoneos;
				SWIFT_ACTIVE_COMPILATION_CONDITIONS = "DEBUG $(inherited)";
				SWIFT_OPTIMIZATION_LEVEL = "-Onone";
			};
			name = Debug;
		};
		9C8DE02E2B9DB33D00B11D44 /* Release */ = {
			isa = XCBuildConfiguration;
			buildSettings = {
				ALWAYS_SEARCH_USER_PATHS = NO;
				ASSETCATALOG_COMPILER_GENERATE_SWIFT_ASSET_SYMBOL_EXTENSIONS = YES;
				CLANG_ANALYZER_NONNULL = YES;
				CLANG_ANALYZER_NUMBER_OBJECT_CONVERSION = YES_AGGRESSIVE;
				CLANG_CXX_LANGUAGE_STANDARD = "gnu++20";
				CLANG_ENABLE_MODULES = YES;
				CLANG_ENABLE_OBJC_ARC = YES;
				CLANG_ENABLE_OBJC_WEAK = YES;
				CLANG_WARN_BLOCK_CAPTURE_AUTORELEASING = YES;
				CLANG_WARN_BOOL_CONVERSION = YES;
				CLANG_WARN_COMMA = YES;
				CLANG_WARN_CONSTANT_CONVERSION = YES;
				CLANG_WARN_DEPRECATED_OBJC_IMPLEMENTATIONS = YES;
				CLANG_WARN_DIRECT_OBJC_ISA_USAGE = YES_ERROR;
				CLANG_WARN_DOCUMENTATION_COMMENTS = YES;
				CLANG_WARN_EMPTY_BODY = YES;
				CLANG_WARN_ENUM_CONVERSION = YES;
				CLANG_WARN_INFINITE_RECURSION = YES;
				CLANG_WARN_INT_CONVERSION = YES;
				CLANG_WARN_NON_LITERAL_NULL_CONVERSION = YES;
				CLANG_WARN_OBJC_IMPLICIT_RETAIN_SELF = YES;
				CLANG_WARN_OBJC_LITERAL_CONVERSION = YES;
				CLANG_WARN_OBJC_ROOT_CLASS = YES_ERROR;
				CLANG_WARN_QUOTED_INCLUDE_IN_FRAMEWORK_HEADER = YES;
				CLANG_WARN_RANGE_LOOP_ANALYSIS = YES;
				CLANG_WARN_STRICT_PROTOTYPES = YES;
				CLANG_WARN_SUSPICIOUS_MOVE = YES;
				CLANG_WARN_UNGUARDED_AVAILABILITY = YES_AGGRESSIVE;
				CLANG_WARN_UNREACHABLE_CODE = YES;
				CLANG_WARN__DUPLICATE_METHOD_MATCH = YES;
				COPY_PHASE_STRIP = NO;
				DEBUG_INFORMATION_FORMAT = "dwarf-with-dsym";
				ENABLE_NS_ASSERTIONS = NO;
				ENABLE_STRICT_OBJC_MSGSEND = YES;
				ENABLE_USER_SCRIPT_SANDBOXING = YES;
				GCC_C_LANGUAGE_STANDARD = gnu17;
				GCC_NO_COMMON_BLOCKS = YES;
				GCC_WARN_64_TO_32_BIT_CONVERSION = YES;
				GCC_WARN_ABOUT_RETURN_TYPE = YES_ERROR;
				GCC_WARN_UNDECLARED_SELECTOR = YES;
				GCC_WARN_UNINITIALIZED_AUTOS = YES_AGGRESSIVE;
				GCC_WARN_UNUSED_FUNCTION = YES;
				GCC_WARN_UNUSED_VARIABLE = YES;
				IPHONEOS_DEPLOYMENT_TARGET = 17.4;
				LOCALIZATION_PREFERS_STRING_CATALOGS = YES;
				MTL_ENABLE_DEBUG_INFO = NO;
				MTL_FAST_MATH = YES;
				SDKROOT = iphoneos;
				SWIFT_COMPILATION_MODE = wholemodule;
				VALIDATE_PRODUCT = YES;
			};
			name = Release;
		};
		9C8DE0302B9DB33D00B11D44 /* Debug */ = {
			isa = XCBuildConfiguration;
			buildSettings = {
				ASSETCATALOG_COMPILER_APPICON_NAME = AppIcon;
				ASSETCATALOG_COMPILER_GLOBAL_ACCENT_COLOR_NAME = AccentColor;
				CODE_SIGN_STYLE = Automatic;
				CURRENT_PROJECT_VERSION = 1;
				DEVELOPMENT_ASSET_PATHS = "\"tracker/Preview Content\"";
				DEVELOPMENT_TEAM = XU9NH5TV85;
				ENABLE_PREVIEWS = YES;
				GENERATE_INFOPLIST_FILE = YES;
				INFOPLIST_KEY_UIApplicationSceneManifest_Generation = YES;
				INFOPLIST_KEY_UIApplicationSupportsIndirectInputEvents = YES;
				INFOPLIST_KEY_UILaunchScreen_Generation = YES;
				INFOPLIST_KEY_UISupportedInterfaceOrientations_iPad = "UIInterfaceOrientationPortrait UIInterfaceOrientationPortraitUpsideDown UIInterfaceOrientationLandscapeLeft UIInterfaceOrientationLandscapeRight";
				INFOPLIST_KEY_UISupportedInterfaceOrientations_iPhone = "UIInterfaceOrientationPortrait UIInterfaceOrientationLandscapeLeft UIInterfaceOrientationLandscapeRight";
				LD_RUNPATH_SEARCH_PATHS = (
					"$(inherited)",
					"@executable_path/Frameworks",
				);
				MARKETING_VERSION = 1.0;
				PRODUCT_BUNDLE_IDENTIFIER = com.inspectelement.tracker;
				PRODUCT_NAME = "$(TARGET_NAME)";
				SWIFT_EMIT_LOC_STRINGS = YES;
				SWIFT_VERSION = 5.0;
				TARGETED_DEVICE_FAMILY = "1,2";
			};
			name = Debug;
		};
		9C8DE0312B9DB33D00B11D44 /* Release */ = {
			isa = XCBuildConfiguration;
			buildSettings = {
				ASSETCATALOG_COMPILER_APPICON_NAME = AppIcon;
				ASSETCATALOG_COMPILER_GLOBAL_ACCENT_COLOR_NAME = AccentColor;
				CODE_SIGN_STYLE = Automatic;
				CURRENT_PROJECT_VERSION = 1;
				DEVELOPMENT_ASSET_PATHS = "\"tracker/Preview Content\"";
				DEVELOPMENT_TEAM = XU9NH5TV85;
				ENABLE_PREVIEWS = YES;
				GENERATE_INFOPLIST_FILE = YES;
				INFOPLIST_KEY_UIApplicationSceneManifest_Generation = YES;
				INFOPLIST_KEY_UIApplicationSupportsIndirectInputEvents = YES;
				INFOPLIST_KEY_UILaunchScreen_Generation = YES;
				INFOPLIST_KEY_UISupportedInterfaceOrientations_iPad = "UIInterfaceOrientationPortrait UIInterfaceOrientationPortraitUpsideDown UIInterfaceOrientationLandscapeLeft UIInterfaceOrientationLandscapeRight";
				INFOPLIST_KEY_UISupportedInterfaceOrientations_iPhone = "UIInterfaceOrientationPortrait UIInterfaceOrientationLandscapeLeft UIInterfaceOrientationLandscapeRight";
				LD_RUNPATH_SEARCH_PATHS = (
					"$(inherited)",
					"@executable_path/Frameworks",
				);
				MARKETING_VERSION = 1.0;
				PRODUCT_BUNDLE_IDENTIFIER = com.inspectelement.tracker;
				PRODUCT_NAME = "$(TARGET_NAME)";
				SWIFT_EMIT_LOC_STRINGS = YES;
				SWIFT_VERSION = 5.0;
				TARGETED_DEVICE_FAMILY = "1,2";
			};
			name = Release;
		};
		9C8DE0332B9DB33D00B11D44 /* Debug */ = {
			isa = XCBuildConfiguration;
			buildSettings = {
				ALWAYS_EMBED_SWIFT_STANDARD_LIBRARIES = YES;
				BUNDLE_LOADER = "$(TEST_HOST)";
				CODE_SIGN_STYLE = Automatic;
				CURRENT_PROJECT_VERSION = 1;
				DEVELOPMENT_TEAM = XU9NH5TV85;
				GENERATE_INFOPLIST_FILE = YES;
				IPHONEOS_DEPLOYMENT_TARGET = 17.4;
				MARKETING_VERSION = 1.0;
				PRODUCT_BUNDLE_IDENTIFIER = com.inspectelement.trackerTests;
				PRODUCT_NAME = "$(TARGET_NAME)";
				SWIFT_EMIT_LOC_STRINGS = NO;
				SWIFT_VERSION = 5.0;
				TARGETED_DEVICE_FAMILY = "1,2";
				TEST_HOST = "$(BUILT_PRODUCTS_DIR)/tracker.app/$(BUNDLE_EXECUTABLE_FOLDER_PATH)/tracker";
			};
			name = Debug;
		};
		9C8DE0342B9DB33D00B11D44 /* Release */ = {
			isa = XCBuildConfiguration;
			buildSettings = {
				ALWAYS_EMBED_SWIFT_STANDARD_LIBRARIES = YES;
				BUNDLE_LOADER = "$(TEST_HOST)";
				CODE_SIGN_STYLE = Automatic;
				CURRENT_PROJECT_VERSION = 1;
				DEVELOPMENT_TEAM = XU9NH5TV85;
				GENERATE_INFOPLIST_FILE = YES;
				IPHONEOS_DEPLOYMENT_TARGET = 17.4;
				MARKETING_VERSION = 1.0;
				PRODUCT_BUNDLE_IDENTIFIER = com.inspectelement.trackerTests;
				PRODUCT_NAME = "$(TARGET_NAME)";
				SWIFT_EMIT_LOC_STRINGS = NO;
				SWIFT_VERSION = 5.0;
				TARGETED_DEVICE_FAMILY = "1,2";
				TEST_HOST = "$(BUILT_PRODUCTS_DIR)/tracker.app/$(BUNDLE_EXECUTABLE_FOLDER_PATH)/tracker";
			};
			name = Release;
		};
		9C8DE0362B9DB33D00B11D44 /* Debug */ = {
			isa = XCBuildConfiguration;
			buildSettings = {
				ALWAYS_EMBED_SWIFT_STANDARD_LIBRARIES = YES;
				CODE_SIGN_STYLE = Automatic;
				CURRENT_PROJECT_VERSION = 1;
				DEVELOPMENT_TEAM = XU9NH5TV85;
				GENERATE_INFOPLIST_FILE = YES;
				MARKETING_VERSION = 1.0;
				PRODUCT_BUNDLE_IDENTIFIER = com.inspectelement.trackerUITests;
				PRODUCT_NAME = "$(TARGET_NAME)";
				SWIFT_EMIT_LOC_STRINGS = NO;
				SWIFT_VERSION = 5.0;
				TARGETED_DEVICE_FAMILY = "1,2";
				TEST_TARGET_NAME = tracker;
			};
			name = Debug;
		};
		9C8DE0372B9DB33D00B11D44 /* Release */ = {
			isa = XCBuildConfiguration;
			buildSettings = {
				ALWAYS_EMBED_SWIFT_STANDARD_LIBRARIES = YES;
				CODE_SIGN_STYLE = Automatic;
				CURRENT_PROJECT_VERSION = 1;
				DEVELOPMENT_TEAM = XU9NH5TV85;
				GENERATE_INFOPLIST_FILE = YES;
				MARKETING_VERSION = 1.0;
				PRODUCT_BUNDLE_IDENTIFIER = com.inspectelement.trackerUITests;
				PRODUCT_NAME = "$(TARGET_NAME)";
				SWIFT_EMIT_LOC_STRINGS = NO;
				SWIFT_VERSION = 5.0;
				TARGETED_DEVICE_FAMILY = "1,2";
				TEST_TARGET_NAME = tracker;
			};
			name = Release;
		};
/* End XCBuildConfiguration section */

/* Begin XCConfigurationList section */
		9C8DE0042B9DB33C00B11D44 /* Build configuration list for PBXProject "tracker" */ = {
			isa = XCConfigurationList;
			buildConfigurations = (
				9C8DE02D2B9DB33D00B11D44 /* Debug */,
				9C8DE02E2B9DB33D00B11D44 /* Release */,
			);
			defaultConfigurationIsVisible = 0;
			defaultConfigurationName = Release;
		};
		9C8DE02F2B9DB33D00B11D44 /* Build configuration list for PBXNativeTarget "tracker" */ = {
			isa = XCConfigurationList;
			buildConfigurations = (
				9C8DE0302B9DB33D00B11D44 /* Debug */,
				9C8DE0312B9DB33D00B11D44 /* Release */,
			);
			defaultConfigurationIsVisible = 0;
			defaultConfigurationName = Release;
		};
		9C8DE0322B9DB33D00B11D44 /* Build configuration list for PBXNativeTarget "trackerTests" */ = {
			isa = XCConfigurationList;
			buildConfigurations = (
				9C8DE0332B9DB33D00B11D44 /* Debug */,
				9C8DE0342B9DB33D00B11D44 /* Release */,
			);
			defaultConfigurationIsVisible = 0;
			defaultConfigurationName = Release;
		};
		9C8DE0352B9DB33D00B11D44 /* Build configuration list for PBXNativeTarget "trackerUITests" */ = {
			isa = XCConfigurationList;
			buildConfigurations = (
				9C8DE0362B9DB33D00B11D44 /* Debug */,
				9C8DE0372B9DB33D00B11D44 /* Release */,
			);
			defaultConfigurationIsVisible = 0;
			defaultConfigurationName = Release;
		};
/* End XCConfigurationList section */
	};
	rootObject = 9C8DE0012B9DB33C00B11D44 /* Project object */;
}
